{
  "name": "pcreate",
  "version": "1.0.0-beta1",
  "lockfileVersion": 1,
  "requires": true,
  "dependencies": {
    "@types/node": {
      "version": "8.5.2",
      "resolved": "http://registry.npm.taobao.org/@types/node/download/@types/node-8.5.2.tgz",
      "integrity": "sha1-g7gQP6miwug9ePcBqap8lTlzmqU=",
      "dev": true
    },
    "typescript": {
      "version": "2.6.2",
      "resolved": "http://registry.npm.taobao.org/typescript/download/typescript-2.6.2.tgz",
      "integrity": "sha1-PFtv1/beCRQmkCfwPAlGdY92c6Q=",
      "dev": true
    }
  }
}
